
Microsoft Visual Studio Solution File, Format Version 12.00
# Visual Studio Version 17
VisualStudioVersion = 17.9.34728.123
MinimumVisualStudioVersion = 10.0.40219.1
Project("{9A19103F-16F7-4668-BE54-9A1E7A4F7556}") = "InsightLogParser.Client", "InsightLogParser.Client\InsightLogParser.Client.csproj", "{D24DF625-8BCF-46FE-AA90-7D0E827FA769}"
EndProject
Project("{9A19103F-16F7-4668-BE54-9A1E7A4F7556}") = "InsightLogParser.Common", "InsightLogParser.Common\InsightLogParser.Common.csproj", "{01F68A33-4DFD-4652-8E62-888B6CA1DB8A}"
EndProject
Project("{FAE04EC0-301F-11D3-BF4B-00C04F79EFBC}") = "InsightLogParser.UI", "InsightLogParser.UI\InsightLogParser.UI.csproj", "{A05255A7-1FE4-4328-BED0-89AA843E4011}"
EndProject
Global
	GlobalSection(SolutionConfigurationPlatforms) = preSolution
		Debug|Any CPU = Debug|Any CPU
		Release|Any CPU = Release|Any CPU
	EndGlobalSection
	GlobalSection(ProjectConfigurationPlatforms) = postSolution
		{D24DF625-8BCF-46FE-AA90-7D0E827FA769}.Debug|Any CPU.ActiveCfg = Debug|Any CPU
		{D24DF625-8BCF-46FE-AA90-7D0E827FA769}.Debug|Any CPU.Build.0 = Debug|Any CPU
		{D24DF625-8BCF-46FE-AA90-7D0E827FA769}.Release|Any CPU.ActiveCfg = Release|Any CPU
		{D24DF625-8BCF-46FE-AA90-7D0E827FA769}.Release|Any CPU.Build.0 = Release|Any CPU
		{01F68A33-4DFD-4652-8E62-888B6CA1DB8A}.Debug|Any CPU.ActiveCfg = Debug|Any CPU
		{01F68A33-4DFD-4652-8E62-888B6CA1DB8A}.Debug|Any CPU.Build.0 = Debug|Any CPU
		{01F68A33-4DFD-4652-8E62-888B6CA1DB8A}.Release|Any CPU.ActiveCfg = Release|Any CPU
		{01F68A33-4DFD-4652-8E62-888B6CA1DB8A}.Release|Any CPU.Build.0 = Release|Any CPU
		{A05255A7-1FE4-4328-BED0-89AA843E4011}.Debug|Any CPU.ActiveCfg = Debug|Any CPU
		{A05255A7-1FE4-4328-BED0-89AA843E4011}.Debug|Any CPU.Build.0 = Debug|Any CPU
		{A05255A7-1FE4-4328-BED0-89AA843E4011}.Release|Any CPU.ActiveCfg = Release|Any CPU
		{A05255A7-1FE4-4328-BED0-89AA843E4011}.Release|Any CPU.Build.0 = Release|Any CPU
	EndGlobalSection
	GlobalSection(SolutionProperties) = preSolution
		HideSolutionNode = FALSE
	EndGlobalSection
	GlobalSection(ExtensibilityGlobals) = postSolution
		SolutionGuid = {6C05DAE3-4181-44F7-A28B-03C73081AF08}
	EndGlobalSection
EndGlobal
